
Microsoft Visual Studio Solution File, Format Version 12.00
# Visual Studio Version 16
VisualStudioVersion = 16.0.31112.23
MinimumVisualStudioVersion = 10.0.40219.1
Project("{2150E333-8FDC-42A3-9474-1A3956D46DE8}") = "Day1", "Day1", "{310C7C2F-9988-405D-8310-DB6A367EA364}"
	ProjectSection(SolutionItems) = preProject
		Day1\PythonIntro.py = Day1\PythonIntro.py
	EndProjectSection
EndProject
Project("{2150E333-8FDC-42A3-9474-1A3956D46DE8}") = "Day2", "Day2", "{10B0F64C-E61B-4085-99C3-E5C466FD6772}"
	ProjectSection(SolutionItems) = preProject
		Day2\Day2Sample2-TernaryOp.txt = Day2\Day2Sample2-TernaryOp.txt
		Day2\Day2Sample3-Switch.txt = Day2\Day2Sample3-Switch.txt
		Day2\Day2Sample4-While.txt = Day2\Day2Sample4-While.txt
	EndProjectSection
EndProject
Project("{9A19103F-16F7-4668-BE54-9A1E7A4F7556}") = "Day2Sample5", "Day2\Day2Sample5\Day2Sample5.csproj", "{CDF6011F-7852-476E-B8C7-4AAF5667AFE5}"
EndProject
Project("{9A19103F-16F7-4668-BE54-9A1E7A4F7556}") = "Day2Sample6", "Day2\Day2Sample6\Day2Sample6.csproj", "{12C11A9E-8B16-4736-A8A7-32EE25AAF2FF}"
EndProject
Project("{2150E333-8FDC-42A3-9474-1A3956D46DE8}") = "Day3", "Day3", "{C321E8B9-F343-48C9-AF8A-5C9E5A205C4D}"
	ProjectSection(SolutionItems) = preProject
		Day3\Day3Sample2-RefOut.txt = Day3\Day3Sample2-RefOut.txt
	EndProjectSection
EndProject
Project("{9A19103F-16F7-4668-BE54-9A1E7A4F7556}") = "ClassMethodDemo", "Day3\ClassMethodDemo\ClassMethodDemo.csproj", "{1F7C995E-7FF6-4AE8-9902-B62407C38D21}"
EndProject
Project("{2150E333-8FDC-42A3-9474-1A3956D46DE8}") = "Day4", "Day4", "{A4BDEE44-3418-41CC-AE73-8F80A82A16F8}"
EndProject
Project("{9A19103F-16F7-4668-BE54-9A1E7A4F7556}") = "MyDictionary", "Day4\MyDictionary\MyDictionary.csproj", "{CC91386E-4ABB-47B2-98A7-262090AE6CB9}"
EndProject
Project("{2150E333-8FDC-42A3-9474-1A3956D46DE8}") = "Day5", "Day5", "{C4C28413-BE7B-41E2-930D-3C7839ACF4AC}"
	ProjectSection(SolutionItems) = preProject
		Day5\Day5Sample3-AbstractClasses.txt = Day5\Day5Sample3-AbstractClasses.txt
	EndProjectSection
EndProject
Project("{9A19103F-16F7-4668-BE54-9A1E7A4F7556}") = "GameProjectDemo", "Day5\GameProjectDemo\GameProjectDemo.csproj", "{49F84E4B-A7AD-40B9-980F-14945BD29BE4}"
EndProject
Project("{2150E333-8FDC-42A3-9474-1A3956D46DE8}") = "Day6", "Day6", "{14F1D33B-BE74-4935-8D5F-C9551890879D}"
	ProjectSection(SolutionItems) = preProject
		Day6\Day6Sample2.sql = Day6\Day6Sample2.sql
	EndProjectSection
EndProject
Project("{2150E333-8FDC-42A3-9474-1A3956D46DE8}") = "Day7", "Day7", "{262014CF-E1F0-418B-ABEB-87DE45C60FDA}"
EndProject
Project("{9A19103F-16F7-4668-BE54-9A1E7A4F7556}") = "Business", "Day7\ReCapProject\Business\Business.csproj", "{4B65A538-F282-44BD-BE8C-5C9A07B9111A}"
EndProject
Project("{9A19103F-16F7-4668-BE54-9A1E7A4F7556}") = "ConsoleUI", "Day7\ReCapProject\ConsoleUI\ConsoleUI.csproj", "{39B6F436-83CB-41E8-9107-5ED6AAAA6A08}"
EndProject
Project("{9A19103F-16F7-4668-BE54-9A1E7A4F7556}") = "DataAccess", "Day7\ReCapProject\DataAccess\DataAccess.csproj", "{844D97E5-B9D3-447E-B2EB-B7B46026394B}"
EndProject
Project("{9A19103F-16F7-4668-BE54-9A1E7A4F7556}") = "Entities", "Day7\ReCapProject\Entities\Entities.csproj", "{AAC67ABC-E539-41F0-AD48-A2A6A0BF46D0}"
EndProject
Project("{2150E333-8FDC-42A3-9474-1A3956D46DE8}") = "Day8", "Day8", "{6442B3E0-4F78-44F9-9773-CF74FCA1F568}"
	ProjectSection(SolutionItems) = preProject
		Day8\dbo.Brands.data.sql = Day8\dbo.Brands.data.sql
		Day8\dbo.Cars.data.sql = Day8\dbo.Cars.data.sql
		Day8\dbo.Colors.data.sql = Day8\dbo.Colors.data.sql
	EndProjectSection
EndProject
Project("{9A19103F-16F7-4668-BE54-9A1E7A4F7556}") = "Business", "Day8\ReCapProject\Business\Business.csproj", "{E8784B80-ACF6-4204-94E9-12A0466D0A7C}"
EndProject
Project("{9A19103F-16F7-4668-BE54-9A1E7A4F7556}") = "ConsoleUI", "Day8\ReCapProject\ConsoleUI\ConsoleUI.csproj", "{E17746EC-79A6-4BEE-A380-530E23764121}"
EndProject
Project("{9A19103F-16F7-4668-BE54-9A1E7A4F7556}") = "DataAccess", "Day8\ReCapProject\DataAccess\DataAccess.csproj", "{FCD1A170-6791-44AF-8A3C-59067841DA15}"
EndProject
Project("{9A19103F-16F7-4668-BE54-9A1E7A4F7556}") = "Entities", "Day8\ReCapProject\Entities\Entities.csproj", "{FF98CED3-C111-4789-BAEA-6A54A6F30F9B}"
EndProject
Project("{2150E333-8FDC-42A3-9474-1A3956D46DE8}") = "ReCapProject", "ReCapProject", "{1E2BA92A-C03B-4922-8678-42E459D5BB71}"
EndProject
Project("{2150E333-8FDC-42A3-9474-1A3956D46DE8}") = "ReCapProject", "ReCapProject", "{C61E1410-CD31-4594-8814-F434B4597BA5}"
EndProject
Project("{2150E333-8FDC-42A3-9474-1A3956D46DE8}") = "Day9", "Day9", "{792EE399-268A-4387-837A-0CE44521DDC4}"
EndProject
Project("{9A19103F-16F7-4668-BE54-9A1E7A4F7556}") = "Business", "Day9\CarRentalProject\Business\Business.csproj", "{B90889FD-4910-454F-A829-DB4B5B5EEDD1}"
EndProject
Project("{9A19103F-16F7-4668-BE54-9A1E7A4F7556}") = "ConsoleUI", "Day9\CarRentalProject\ConsoleUI\ConsoleUI.csproj", "{617FC7AC-DEC5-413F-A2D3-BADCCD22EB84}"
EndProject
Project("{9A19103F-16F7-4668-BE54-9A1E7A4F7556}") = "Core", "Day9\CarRentalProject\Core\Core.csproj", "{67FCCFCA-8D9B-4C55-8C60-3E85FA1A81A1}"
EndProject
Project("{9A19103F-16F7-4668-BE54-9A1E7A4F7556}") = "DataAccess", "Day9\CarRentalProject\DataAccess\DataAccess.csproj", "{D2E07912-7B81-48AF-BB38-90CFFEA463EE}"
EndProject
Project("{9A19103F-16F7-4668-BE54-9A1E7A4F7556}") = "Entities", "Day9\CarRentalProject\Entities\Entities.csproj", "{CB76A7B7-4A06-47A5-99E7-B74666EBA7F7}"
EndProject
Project("{2150E333-8FDC-42A3-9474-1A3956D46DE8}") = "CarRentalProject", "CarRentalProject", "{C10EC45F-DA5C-4AEA-B4E6-69607DF8790A}"
EndProject
Project("{2150E333-8FDC-42A3-9474-1A3956D46DE8}") = "Day10", "Day10", "{6D166B7F-8647-41B0-AF47-3BFC2DD189EF}"
	ProjectSection(SolutionItems) = preProject
		Day10\dbo.Customers.sql = Day10\dbo.Customers.sql
		Day10\dbo.Rentals.sql = Day10\dbo.Rentals.sql
		Day10\dbo.Users.sql = Day10\dbo.Users.sql
	EndProjectSection
EndProject
Project("{2150E333-8FDC-42A3-9474-1A3956D46DE8}") = "CarRentalProject", "CarRentalProject", "{13D3AA19-AA16-4F18-B9A0-CD5D2EED0F5C}"
EndProject
Project("{9A19103F-16F7-4668-BE54-9A1E7A4F7556}") = "Business", "Day10\CarRentalProject\Business\Business.csproj", "{33076EF2-BAC8-4E39-9C1C-9692BD6695DB}"
EndProject
Project("{9A19103F-16F7-4668-BE54-9A1E7A4F7556}") = "ConsoleUI", "Day10\CarRentalProject\ConsoleUI\ConsoleUI.csproj", "{45419E56-6DFD-4CD3-B05D-9F155AAB634D}"
EndProject
Project("{9A19103F-16F7-4668-BE54-9A1E7A4F7556}") = "Core", "Day10\CarRentalProject\Core\Core.csproj", "{3106F5A6-CCD3-431B-A961-F2B245479590}"
EndProject
Project("{9A19103F-16F7-4668-BE54-9A1E7A4F7556}") = "DataAccess", "Day10\CarRentalProject\DataAccess\DataAccess.csproj", "{12742A7D-D240-41F0-9D4B-4F81F5D09DB0}"
EndProject
Project("{9A19103F-16F7-4668-BE54-9A1E7A4F7556}") = "Entities", "Day10\CarRentalProject\Entities\Entities.csproj", "{2F737FC7-2479-4C87-B6AF-9C8DF9B93851}"
EndProject
Project("{2150E333-8FDC-42A3-9474-1A3956D46DE8}") = "Day11", "Day11", "{A300A259-91D5-4FAE-A967-61AA254DA9EF}"
	ProjectSection(SolutionItems) = preProject
		Day11\Day11Sample2-HTTPStatusCodes.txt = Day11\Day11Sample2-HTTPStatusCodes.txt
	EndProjectSection
EndProject
Project("{2150E333-8FDC-42A3-9474-1A3956D46DE8}") = "CarRentalProject", "CarRentalProject", "{4958D6F1-A8B5-4B30-819C-DF3EDBD6BFF1}"
EndProject
Project("{9A19103F-16F7-4668-BE54-9A1E7A4F7556}") = "Business", "Day11\CarRentalProject\Business\Business.csproj", "{46F3EEB5-246F-45AF-A885-F3D9F8DFE27F}"
EndProject
Project("{9A19103F-16F7-4668-BE54-9A1E7A4F7556}") = "ConsoleUI", "Day11\CarRentalProject\ConsoleUI\ConsoleUI.csproj", "{6FF4203D-95A4-4BA3-AFA1-16B0BF4736BF}"
EndProject
Project("{9A19103F-16F7-4668-BE54-9A1E7A4F7556}") = "Core", "Day11\CarRentalProject\Core\Core.csproj", "{4E525B86-0F02-4728-91FE-70B553F9FE5B}"
EndProject
Project("{9A19103F-16F7-4668-BE54-9A1E7A4F7556}") = "DataAccess", "Day11\CarRentalProject\DataAccess\DataAccess.csproj", "{ABBAA7AB-F0D6-4FEF-BCFF-DC3CDAECB6E7}"
EndProject
Project("{9A19103F-16F7-4668-BE54-9A1E7A4F7556}") = "Entities", "Day11\CarRentalProject\Entities\Entities.csproj", "{AE906F42-41E7-4F2D-9307-292CDC11E09E}"
EndProject
Project("{9A19103F-16F7-4668-BE54-9A1E7A4F7556}") = "WebAPI", "Day11\CarRentalProject\WebAPI\WebAPI.csproj", "{A7FE3C9B-49CB-43EE-9CD9-8882141D9DF7}"
EndProject
Global
	GlobalSection(SolutionConfigurationPlatforms) = preSolution
		Debug|Any CPU = Debug|Any CPU
		Release|Any CPU = Release|Any CPU
	EndGlobalSection
	GlobalSection(ProjectConfigurationPlatforms) = postSolution
		{CDF6011F-7852-476E-B8C7-4AAF5667AFE5}.Debug|Any CPU.ActiveCfg = Debug|Any CPU
		{CDF6011F-7852-476E-B8C7-4AAF5667AFE5}.Debug|Any CPU.Build.0 = Debug|Any CPU
		{CDF6011F-7852-476E-B8C7-4AAF5667AFE5}.Release|Any CPU.ActiveCfg = Release|Any CPU
		{CDF6011F-7852-476E-B8C7-4AAF5667AFE5}.Release|Any CPU.Build.0 = Release|Any CPU
		{12C11A9E-8B16-4736-A8A7-32EE25AAF2FF}.Debug|Any CPU.ActiveCfg = Debug|Any CPU
		{12C11A9E-8B16-4736-A8A7-32EE25AAF2FF}.Debug|Any CPU.Build.0 = Debug|Any CPU
		{12C11A9E-8B16-4736-A8A7-32EE25AAF2FF}.Release|Any CPU.ActiveCfg = Release|Any CPU
		{12C11A9E-8B16-4736-A8A7-32EE25AAF2FF}.Release|Any CPU.Build.0 = Release|Any CPU
		{1F7C995E-7FF6-4AE8-9902-B62407C38D21}.Debug|Any CPU.ActiveCfg = Debug|Any CPU
		{1F7C995E-7FF6-4AE8-9902-B62407C38D21}.Debug|Any CPU.Build.0 = Debug|Any CPU
		{1F7C995E-7FF6-4AE8-9902-B62407C38D21}.Release|Any CPU.ActiveCfg = Release|Any CPU
		{1F7C995E-7FF6-4AE8-9902-B62407C38D21}.Release|Any CPU.Build.0 = Release|Any CPU
		{CC91386E-4ABB-47B2-98A7-262090AE6CB9}.Debug|Any CPU.ActiveCfg = Debug|Any CPU
		{CC91386E-4ABB-47B2-98A7-262090AE6CB9}.Debug|Any CPU.Build.0 = Debug|Any CPU
		{CC91386E-4ABB-47B2-98A7-262090AE6CB9}.Release|Any CPU.ActiveCfg = Release|Any CPU
		{CC91386E-4ABB-47B2-98A7-262090AE6CB9}.Release|Any CPU.Build.0 = Release|Any CPU
		{49F84E4B-A7AD-40B9-980F-14945BD29BE4}.Debug|Any CPU.ActiveCfg = Debug|Any CPU
		{49F84E4B-A7AD-40B9-980F-14945BD29BE4}.Debug|Any CPU.Build.0 = Debug|Any CPU
		{49F84E4B-A7AD-40B9-980F-14945BD29BE4}.Release|Any CPU.ActiveCfg = Release|Any CPU
		{49F84E4B-A7AD-40B9-980F-14945BD29BE4}.Release|Any CPU.Build.0 = Release|Any CPU
		{4B65A538-F282-44BD-BE8C-5C9A07B9111A}.Debug|Any CPU.ActiveCfg = Debug|Any CPU
		{4B65A538-F282-44BD-BE8C-5C9A07B9111A}.Debug|Any CPU.Build.0 = Debug|Any CPU
		{4B65A538-F282-44BD-BE8C-5C9A07B9111A}.Release|Any CPU.ActiveCfg = Release|Any CPU
		{4B65A538-F282-44BD-BE8C-5C9A07B9111A}.Release|Any CPU.Build.0 = Release|Any CPU
		{39B6F436-83CB-41E8-9107-5ED6AAAA6A08}.Debug|Any CPU.ActiveCfg = Debug|Any CPU
		{39B6F436-83CB-41E8-9107-5ED6AAAA6A08}.Debug|Any CPU.Build.0 = Debug|Any CPU
		{39B6F436-83CB-41E8-9107-5ED6AAAA6A08}.Release|Any CPU.ActiveCfg = Release|Any CPU
		{39B6F436-83CB-41E8-9107-5ED6AAAA6A08}.Release|Any CPU.Build.0 = Release|Any CPU
		{844D97E5-B9D3-447E-B2EB-B7B46026394B}.Debug|Any CPU.ActiveCfg = Debug|Any CPU
		{844D97E5-B9D3-447E-B2EB-B7B46026394B}.Debug|Any CPU.Build.0 = Debug|Any CPU
		{844D97E5-B9D3-447E-B2EB-B7B46026394B}.Release|Any CPU.ActiveCfg = Release|Any CPU
		{844D97E5-B9D3-447E-B2EB-B7B46026394B}.Release|Any CPU.Build.0 = Release|Any CPU
		{AAC67ABC-E539-41F0-AD48-A2A6A0BF46D0}.Debug|Any CPU.ActiveCfg = Debug|Any CPU
		{AAC67ABC-E539-41F0-AD48-A2A6A0BF46D0}.Debug|Any CPU.Build.0 = Debug|Any CPU
		{AAC67ABC-E539-41F0-AD48-A2A6A0BF46D0}.Release|Any CPU.ActiveCfg = Release|Any CPU
		{AAC67ABC-E539-41F0-AD48-A2A6A0BF46D0}.Release|Any CPU.Build.0 = Release|Any CPU
		{E8784B80-ACF6-4204-94E9-12A0466D0A7C}.Debug|Any CPU.ActiveCfg = Debug|Any CPU
		{E8784B80-ACF6-4204-94E9-12A0466D0A7C}.Debug|Any CPU.Build.0 = Debug|Any CPU
		{E8784B80-ACF6-4204-94E9-12A0466D0A7C}.Release|Any CPU.ActiveCfg = Release|Any CPU
		{E8784B80-ACF6-4204-94E9-12A0466D0A7C}.Release|Any CPU.Build.0 = Release|Any CPU
		{E17746EC-79A6-4BEE-A380-530E23764121}.Debug|Any CPU.ActiveCfg = Debug|Any CPU
		{E17746EC-79A6-4BEE-A380-530E23764121}.Debug|Any CPU.Build.0 = Debug|Any CPU
		{E17746EC-79A6-4BEE-A380-530E23764121}.Release|Any CPU.ActiveCfg = Release|Any CPU
		{E17746EC-79A6-4BEE-A380-530E23764121}.Release|Any CPU.Build.0 = Release|Any CPU
		{FCD1A170-6791-44AF-8A3C-59067841DA15}.Debug|Any CPU.ActiveCfg = Debug|Any CPU
		{FCD1A170-6791-44AF-8A3C-59067841DA15}.Debug|Any CPU.Build.0 = Debug|Any CPU
		{FCD1A170-6791-44AF-8A3C-59067841DA15}.Release|Any CPU.ActiveCfg = Release|Any CPU
		{FCD1A170-6791-44AF-8A3C-59067841DA15}.Release|Any CPU.Build.0 = Release|Any CPU
		{FF98CED3-C111-4789-BAEA-6A54A6F30F9B}.Debug|Any CPU.ActiveCfg = Debug|Any CPU
		{FF98CED3-C111-4789-BAEA-6A54A6F30F9B}.Debug|Any CPU.Build.0 = Debug|Any CPU
		{FF98CED3-C111-4789-BAEA-6A54A6F30F9B}.Release|Any CPU.ActiveCfg = Release|Any CPU
		{FF98CED3-C111-4789-BAEA-6A54A6F30F9B}.Release|Any CPU.Build.0 = Release|Any CPU
		{B90889FD-4910-454F-A829-DB4B5B5EEDD1}.Debug|Any CPU.ActiveCfg = Debug|Any CPU
		{B90889FD-4910-454F-A829-DB4B5B5EEDD1}.Debug|Any CPU.Build.0 = Debug|Any CPU
		{B90889FD-4910-454F-A829-DB4B5B5EEDD1}.Release|Any CPU.ActiveCfg = Release|Any CPU
		{B90889FD-4910-454F-A829-DB4B5B5EEDD1}.Release|Any CPU.Build.0 = Release|Any CPU
		{617FC7AC-DEC5-413F-A2D3-BADCCD22EB84}.Debug|Any CPU.ActiveCfg = Debug|Any CPU
		{617FC7AC-DEC5-413F-A2D3-BADCCD22EB84}.Debug|Any CPU.Build.0 = Debug|Any CPU
		{617FC7AC-DEC5-413F-A2D3-BADCCD22EB84}.Release|Any CPU.ActiveCfg = Release|Any CPU
		{617FC7AC-DEC5-413F-A2D3-BADCCD22EB84}.Release|Any CPU.Build.0 = Release|Any CPU
		{67FCCFCA-8D9B-4C55-8C60-3E85FA1A81A1}.Debug|Any CPU.ActiveCfg = Debug|Any CPU
		{67FCCFCA-8D9B-4C55-8C60-3E85FA1A81A1}.Debug|Any CPU.Build.0 = Debug|Any CPU
		{67FCCFCA-8D9B-4C55-8C60-3E85FA1A81A1}.Release|Any CPU.ActiveCfg = Release|Any CPU
		{67FCCFCA-8D9B-4C55-8C60-3E85FA1A81A1}.Release|Any CPU.Build.0 = Release|Any CPU
		{D2E07912-7B81-48AF-BB38-90CFFEA463EE}.Debug|Any CPU.ActiveCfg = Debug|Any CPU
		{D2E07912-7B81-48AF-BB38-90CFFEA463EE}.Debug|Any CPU.Build.0 = Debug|Any CPU
		{D2E07912-7B81-48AF-BB38-90CFFEA463EE}.Release|Any CPU.ActiveCfg = Release|Any CPU
		{D2E07912-7B81-48AF-BB38-90CFFEA463EE}.Release|Any CPU.Build.0 = Release|Any CPU
		{CB76A7B7-4A06-47A5-99E7-B74666EBA7F7}.Debug|Any CPU.ActiveCfg = Debug|Any CPU
		{CB76A7B7-4A06-47A5-99E7-B74666EBA7F7}.Debug|Any CPU.Build.0 = Debug|Any CPU
		{CB76A7B7-4A06-47A5-99E7-B74666EBA7F7}.Release|Any CPU.ActiveCfg = Release|Any CPU
		{CB76A7B7-4A06-47A5-99E7-B74666EBA7F7}.Release|Any CPU.Build.0 = Release|Any CPU
		{33076EF2-BAC8-4E39-9C1C-9692BD6695DB}.Debug|Any CPU.ActiveCfg = Debug|Any CPU
		{33076EF2-BAC8-4E39-9C1C-9692BD6695DB}.Debug|Any CPU.Build.0 = Debug|Any CPU
		{33076EF2-BAC8-4E39-9C1C-9692BD6695DB}.Release|Any CPU.ActiveCfg = Release|Any CPU
		{33076EF2-BAC8-4E39-9C1C-9692BD6695DB}.Release|Any CPU.Build.0 = Release|Any CPU
		{45419E56-6DFD-4CD3-B05D-9F155AAB634D}.Debug|Any CPU.ActiveCfg = Debug|Any CPU
		{45419E56-6DFD-4CD3-B05D-9F155AAB634D}.Debug|Any CPU.Build.0 = Debug|Any CPU
		{45419E56-6DFD-4CD3-B05D-9F155AAB634D}.Release|Any CPU.ActiveCfg = Release|Any CPU
		{45419E56-6DFD-4CD3-B05D-9F155AAB634D}.Release|Any CPU.Build.0 = Release|Any CPU
		{3106F5A6-CCD3-431B-A961-F2B245479590}.Debug|Any CPU.ActiveCfg = Debug|Any CPU
		{3106F5A6-CCD3-431B-A961-F2B245479590}.Debug|Any CPU.Build.0 = Debug|Any CPU
		{3106F5A6-CCD3-431B-A961-F2B245479590}.Release|Any CPU.ActiveCfg = Release|Any CPU
		{3106F5A6-CCD3-431B-A961-F2B245479590}.Release|Any CPU.Build.0 = Release|Any CPU
		{12742A7D-D240-41F0-9D4B-4F81F5D09DB0}.Debug|Any CPU.ActiveCfg = Debug|Any CPU
		{12742A7D-D240-41F0-9D4B-4F81F5D09DB0}.Debug|Any CPU.Build.0 = Debug|Any CPU
		{12742A7D-D240-41F0-9D4B-4F81F5D09DB0}.Release|Any CPU.ActiveCfg = Release|Any CPU
		{12742A7D-D240-41F0-9D4B-4F81F5D09DB0}.Release|Any CPU.Build.0 = Release|Any CPU
		{2F737FC7-2479-4C87-B6AF-9C8DF9B93851}.Debug|Any CPU.ActiveCfg = Debug|Any CPU
		{2F737FC7-2479-4C87-B6AF-9C8DF9B93851}.Debug|Any CPU.Build.0 = Debug|Any CPU
		{2F737FC7-2479-4C87-B6AF-9C8DF9B93851}.Release|Any CPU.ActiveCfg = Release|Any CPU
		{2F737FC7-2479-4C87-B6AF-9C8DF9B93851}.Release|Any CPU.Build.0 = Release|Any CPU
		{46F3EEB5-246F-45AF-A885-F3D9F8DFE27F}.Debug|Any CPU.ActiveCfg = Debug|Any CPU
		{46F3EEB5-246F-45AF-A885-F3D9F8DFE27F}.Debug|Any CPU.Build.0 = Debug|Any CPU
		{46F3EEB5-246F-45AF-A885-F3D9F8DFE27F}.Release|Any CPU.ActiveCfg = Release|Any CPU
		{46F3EEB5-246F-45AF-A885-F3D9F8DFE27F}.Release|Any CPU.Build.0 = Release|Any CPU
		{6FF4203D-95A4-4BA3-AFA1-16B0BF4736BF}.Debug|Any CPU.ActiveCfg = Debug|Any CPU
		{6FF4203D-95A4-4BA3-AFA1-16B0BF4736BF}.Debug|Any CPU.Build.0 = Debug|Any CPU
		{6FF4203D-95A4-4BA3-AFA1-16B0BF4736BF}.Release|Any CPU.ActiveCfg = Release|Any CPU
		{6FF4203D-95A4-4BA3-AFA1-16B0BF4736BF}.Release|Any CPU.Build.0 = Release|Any CPU
		{4E525B86-0F02-4728-91FE-70B553F9FE5B}.Debug|Any CPU.ActiveCfg = Debug|Any CPU
		{4E525B86-0F02-4728-91FE-70B553F9FE5B}.Debug|Any CPU.Build.0 = Debug|Any CPU
		{4E525B86-0F02-4728-91FE-70B553F9FE5B}.Release|Any CPU.ActiveCfg = Release|Any CPU
		{4E525B86-0F02-4728-91FE-70B553F9FE5B}.Release|Any CPU.Build.0 = Release|Any CPU
		{ABBAA7AB-F0D6-4FEF-BCFF-DC3CDAECB6E7}.Debug|Any CPU.ActiveCfg = Debug|Any CPU
		{ABBAA7AB-F0D6-4FEF-BCFF-DC3CDAECB6E7}.Debug|Any CPU.Build.0 = Debug|Any CPU
		{ABBAA7AB-F0D6-4FEF-BCFF-DC3CDAECB6E7}.Release|Any CPU.ActiveCfg = Release|Any CPU
		{ABBAA7AB-F0D6-4FEF-BCFF-DC3CDAECB6E7}.Release|Any CPU.Build.0 = Release|Any CPU
		{AE906F42-41E7-4F2D-9307-292CDC11E09E}.Debug|Any CPU.ActiveCfg = Debug|Any CPU
		{AE906F42-41E7-4F2D-9307-292CDC11E09E}.Debug|Any CPU.Build.0 = Debug|Any CPU
		{AE906F42-41E7-4F2D-9307-292CDC11E09E}.Release|Any CPU.ActiveCfg = Release|Any CPU
		{AE906F42-41E7-4F2D-9307-292CDC11E09E}.Release|Any CPU.Build.0 = Release|Any CPU
		{A7FE3C9B-49CB-43EE-9CD9-8882141D9DF7}.Debug|Any CPU.ActiveCfg = Debug|Any CPU
		{A7FE3C9B-49CB-43EE-9CD9-8882141D9DF7}.Debug|Any CPU.Build.0 = Debug|Any CPU
		{A7FE3C9B-49CB-43EE-9CD9-8882141D9DF7}.Release|Any CPU.ActiveCfg = Release|Any CPU
		{A7FE3C9B-49CB-43EE-9CD9-8882141D9DF7}.Release|Any CPU.Build.0 = Release|Any CPU
	EndGlobalSection
	GlobalSection(SolutionProperties) = preSolution
		HideSolutionNode = FALSE
	EndGlobalSection
	GlobalSection(NestedProjects) = preSolution
		{CDF6011F-7852-476E-B8C7-4AAF5667AFE5} = {10B0F64C-E61B-4085-99C3-E5C466FD6772}
		{12C11A9E-8B16-4736-A8A7-32EE25AAF2FF} = {10B0F64C-E61B-4085-99C3-E5C466FD6772}
		{1F7C995E-7FF6-4AE8-9902-B62407C38D21} = {C321E8B9-F343-48C9-AF8A-5C9E5A205C4D}
		{CC91386E-4ABB-47B2-98A7-262090AE6CB9} = {A4BDEE44-3418-41CC-AE73-8F80A82A16F8}
		{49F84E4B-A7AD-40B9-980F-14945BD29BE4} = {C4C28413-BE7B-41E2-930D-3C7839ACF4AC}
		{4B65A538-F282-44BD-BE8C-5C9A07B9111A} = {C61E1410-CD31-4594-8814-F434B4597BA5}
		{39B6F436-83CB-41E8-9107-5ED6AAAA6A08} = {C61E1410-CD31-4594-8814-F434B4597BA5}
		{844D97E5-B9D3-447E-B2EB-B7B46026394B} = {C61E1410-CD31-4594-8814-F434B4597BA5}
		{AAC67ABC-E539-41F0-AD48-A2A6A0BF46D0} = {C61E1410-CD31-4594-8814-F434B4597BA5}
		{E8784B80-ACF6-4204-94E9-12A0466D0A7C} = {1E2BA92A-C03B-4922-8678-42E459D5BB71}
		{E17746EC-79A6-4BEE-A380-530E23764121} = {1E2BA92A-C03B-4922-8678-42E459D5BB71}
		{FCD1A170-6791-44AF-8A3C-59067841DA15} = {1E2BA92A-C03B-4922-8678-42E459D5BB71}
		{FF98CED3-C111-4789-BAEA-6A54A6F30F9B} = {1E2BA92A-C03B-4922-8678-42E459D5BB71}
		{1E2BA92A-C03B-4922-8678-42E459D5BB71} = {6442B3E0-4F78-44F9-9773-CF74FCA1F568}
		{C61E1410-CD31-4594-8814-F434B4597BA5} = {262014CF-E1F0-418B-ABEB-87DE45C60FDA}
		{B90889FD-4910-454F-A829-DB4B5B5EEDD1} = {C10EC45F-DA5C-4AEA-B4E6-69607DF8790A}
		{617FC7AC-DEC5-413F-A2D3-BADCCD22EB84} = {C10EC45F-DA5C-4AEA-B4E6-69607DF8790A}
		{67FCCFCA-8D9B-4C55-8C60-3E85FA1A81A1} = {C10EC45F-DA5C-4AEA-B4E6-69607DF8790A}
		{D2E07912-7B81-48AF-BB38-90CFFEA463EE} = {C10EC45F-DA5C-4AEA-B4E6-69607DF8790A}
		{CB76A7B7-4A06-47A5-99E7-B74666EBA7F7} = {C10EC45F-DA5C-4AEA-B4E6-69607DF8790A}
		{C10EC45F-DA5C-4AEA-B4E6-69607DF8790A} = {792EE399-268A-4387-837A-0CE44521DDC4}
		{13D3AA19-AA16-4F18-B9A0-CD5D2EED0F5C} = {6D166B7F-8647-41B0-AF47-3BFC2DD189EF}
		{33076EF2-BAC8-4E39-9C1C-9692BD6695DB} = {13D3AA19-AA16-4F18-B9A0-CD5D2EED0F5C}
		{45419E56-6DFD-4CD3-B05D-9F155AAB634D} = {13D3AA19-AA16-4F18-B9A0-CD5D2EED0F5C}
		{3106F5A6-CCD3-431B-A961-F2B245479590} = {13D3AA19-AA16-4F18-B9A0-CD5D2EED0F5C}
		{12742A7D-D240-41F0-9D4B-4F81F5D09DB0} = {13D3AA19-AA16-4F18-B9A0-CD5D2EED0F5C}
		{2F737FC7-2479-4C87-B6AF-9C8DF9B93851} = {13D3AA19-AA16-4F18-B9A0-CD5D2EED0F5C}
		{4958D6F1-A8B5-4B30-819C-DF3EDBD6BFF1} = {A300A259-91D5-4FAE-A967-61AA254DA9EF}
		{46F3EEB5-246F-45AF-A885-F3D9F8DFE27F} = {4958D6F1-A8B5-4B30-819C-DF3EDBD6BFF1}
		{6FF4203D-95A4-4BA3-AFA1-16B0BF4736BF} = {4958D6F1-A8B5-4B30-819C-DF3EDBD6BFF1}
		{4E525B86-0F02-4728-91FE-70B553F9FE5B} = {4958D6F1-A8B5-4B30-819C-DF3EDBD6BFF1}
		{ABBAA7AB-F0D6-4FEF-BCFF-DC3CDAECB6E7} = {4958D6F1-A8B5-4B30-819C-DF3EDBD6BFF1}
		{AE906F42-41E7-4F2D-9307-292CDC11E09E} = {4958D6F1-A8B5-4B30-819C-DF3EDBD6BFF1}
		{A7FE3C9B-49CB-43EE-9CD9-8882141D9DF7} = {4958D6F1-A8B5-4B30-819C-DF3EDBD6BFF1}
	EndGlobalSection
	GlobalSection(ExtensibilityGlobals) = postSolution
		SolutionGuid = {80C43E01-4CD2-4856-A59E-58A63F41A63D}
	EndGlobalSection
EndGlobal
