
Microsoft Visual Studio Solution File, Format Version 12.00
# Visual Studio Version 16
VisualStudioVersion = 16.0.31112.23
MinimumVisualStudioVersion = 10.0.40219.1
Project("{2150E333-8FDC-42A3-9474-1A3956D46DE8}") = "Day1", "Day1", "{310C7C2F-9988-405D-8310-DB6A367EA364}"
	ProjectSection(SolutionItems) = preProject
		Day1\PythonIntro.py = Day1\PythonIntro.py
	EndProjectSection
EndProject
Project("{2150E333-8FDC-42A3-9474-1A3956D46DE8}") = "Day2", "Day2", "{10B0F64C-E61B-4085-99C3-E5C466FD6772}"
	ProjectSection(SolutionItems) = preProject
		Day2\Day2Sample2-TernaryOp.txt = Day2\Day2Sample2-TernaryOp.txt
		Day2\Day2Sample3-Switch.txt = Day2\Day2Sample3-Switch.txt
		Day2\Day2Sample4-While.txt = Day2\Day2Sample4-While.txt
	EndProjectSection
EndProject
Project("{9A19103F-16F7-4668-BE54-9A1E7A4F7556}") = "Day2Sample5", "Day2\Day2Sample5\Day2Sample5.csproj", "{CDF6011F-7852-476E-B8C7-4AAF5667AFE5}"
EndProject
Project("{9A19103F-16F7-4668-BE54-9A1E7A4F7556}") = "Day2Sample6", "Day2\Day2Sample6\Day2Sample6.csproj", "{12C11A9E-8B16-4736-A8A7-32EE25AAF2FF}"
EndProject
Project("{2150E333-8FDC-42A3-9474-1A3956D46DE8}") = "Day3", "Day3", "{C321E8B9-F343-48C9-AF8A-5C9E5A205C4D}"
	ProjectSection(SolutionItems) = preProject
		Day3\Day3Sample2-RefOut.txt = Day3\Day3Sample2-RefOut.txt
	EndProjectSection
EndProject
Project("{9A19103F-16F7-4668-BE54-9A1E7A4F7556}") = "ClassMethodDemo", "Day3\ClassMethodDemo\ClassMethodDemo.csproj", "{1F7C995E-7FF6-4AE8-9902-B62407C38D21}"
EndProject
Project("{2150E333-8FDC-42A3-9474-1A3956D46DE8}") = "Day4", "Day4", "{A4BDEE44-3418-41CC-AE73-8F80A82A16F8}"
EndProject
Project("{9A19103F-16F7-4668-BE54-9A1E7A4F7556}") = "MyDictionary", "Day4\MyDictionary\MyDictionary.csproj", "{CC91386E-4ABB-47B2-98A7-262090AE6CB9}"
EndProject
Global
	GlobalSection(SolutionConfigurationPlatforms) = preSolution
		Debug|Any CPU = Debug|Any CPU
		Release|Any CPU = Release|Any CPU
	EndGlobalSection
	GlobalSection(ProjectConfigurationPlatforms) = postSolution
		{CDF6011F-7852-476E-B8C7-4AAF5667AFE5}.Debug|Any CPU.ActiveCfg = Debug|Any CPU
		{CDF6011F-7852-476E-B8C7-4AAF5667AFE5}.Debug|Any CPU.Build.0 = Debug|Any CPU
		{CDF6011F-7852-476E-B8C7-4AAF5667AFE5}.Release|Any CPU.ActiveCfg = Release|Any CPU
		{CDF6011F-7852-476E-B8C7-4AAF5667AFE5}.Release|Any CPU.Build.0 = Release|Any CPU
		{12C11A9E-8B16-4736-A8A7-32EE25AAF2FF}.Debug|Any CPU.ActiveCfg = Debug|Any CPU
		{12C11A9E-8B16-4736-A8A7-32EE25AAF2FF}.Debug|Any CPU.Build.0 = Debug|Any CPU
		{12C11A9E-8B16-4736-A8A7-32EE25AAF2FF}.Release|Any CPU.ActiveCfg = Release|Any CPU
		{12C11A9E-8B16-4736-A8A7-32EE25AAF2FF}.Release|Any CPU.Build.0 = Release|Any CPU
		{1F7C995E-7FF6-4AE8-9902-B62407C38D21}.Debug|Any CPU.ActiveCfg = Debug|Any CPU
		{1F7C995E-7FF6-4AE8-9902-B62407C38D21}.Debug|Any CPU.Build.0 = Debug|Any CPU
		{1F7C995E-7FF6-4AE8-9902-B62407C38D21}.Release|Any CPU.ActiveCfg = Release|Any CPU
		{1F7C995E-7FF6-4AE8-9902-B62407C38D21}.Release|Any CPU.Build.0 = Release|Any CPU
		{CC91386E-4ABB-47B2-98A7-262090AE6CB9}.Debug|Any CPU.ActiveCfg = Debug|Any CPU
		{CC91386E-4ABB-47B2-98A7-262090AE6CB9}.Debug|Any CPU.Build.0 = Debug|Any CPU
		{CC91386E-4ABB-47B2-98A7-262090AE6CB9}.Release|Any CPU.ActiveCfg = Release|Any CPU
		{CC91386E-4ABB-47B2-98A7-262090AE6CB9}.Release|Any CPU.Build.0 = Release|Any CPU
	EndGlobalSection
	GlobalSection(SolutionProperties) = preSolution
		HideSolutionNode = FALSE
	EndGlobalSection
	GlobalSection(ExtensibilityGlobals) = postSolution
		SolutionGuid = {80C43E01-4CD2-4856-A59E-58A63F41A63D}
	EndGlobalSection
EndGlobal
